
Microsoft Visual Studio Solution File, Format Version 12.00
Project("{FAE04EC0-301F-11D3-BF4B-00C04F79EFBC}") = "CS2-SimpleAdmin_CleanModule", "CS2-SimpleAdmin_CleanModule.csproj", "{D940F3E9-0E3F-467A-B336-149E3A624FB6}"
EndProject
Global
	GlobalSection(SolutionConfigurationPlatforms) = preSolution
		Debug|Any CPU = Debug|Any CPU
		Release|Any CPU = Release|Any CPU
	EndGlobalSection
	GlobalSection(ProjectConfigurationPlatforms) = postSolution
		{D940F3E9-0E3F-467A-B336-149E3A624FB6}.Debug|Any CPU.ActiveCfg = Debug|Any CPU
		{D940F3E9-0E3F-467A-B336-149E3A624FB6}.Debug|Any CPU.Build.0 = Debug|Any CPU
		{D940F3E9-0E3F-467A-B336-149E3A624FB6}.Release|Any CPU.ActiveCfg = Release|Any CPU
		{D940F3E9-0E3F-467A-B336-149E3A624FB6}.Release|Any CPU.Build.0 = Release|Any CPU
	EndGlobalSection
EndGlobal
